{
  "name": "@leodeslf/skeleton",
  "version": "4.0.2",
  "lockfileVersion": 3,
  "requires": true,
  "packages": {
    "": {
      "name": "@leodeslf/skeleton",
      "version": "4.0.2",
      "license": "MIT",
      "dependencies": {
        "@leodeslf/vec.js": "^3.1.2"
      }
    },
    "node_modules/@leodeslf/vec.js": {
      "version": "3.1.2",
      "resolved": "https://registry.npmjs.org/@leodeslf/vec.js/-/vec.js-3.1.2.tgz",
      "integrity": "sha512-Y9CEwo13PpVJ+Z5h/nqTbI9GqsEGNgimYketnTJxSncDL+xgQSB3jc5+vzzJkrhBGHQZOMYJBL1ZW+7KX78IGw==",
      "engines": {
        "node": ">=8.0.0"
      }
    }
  }
}
