{
  "name": "@leodeslf/skeleton",
  "version": "4.0.0",
  "lockfileVersion": 3,
  "requires": true,
  "packages": {
    "": {
      "name": "@leodeslf/skeleton",
      "version": "4.0.0",
      "license": "MIT",
      "dependencies": {
        "@leodeslf/vec.js": "^3.0.0"
      }
    },
    "node_modules/@leodeslf/vec.js": {
      "version": "3.0.0",
      "resolved": "https://registry.npmjs.org/@leodeslf/vec.js/-/vec.js-3.0.0.tgz",
      "integrity": "sha512-grpW/6fab7u06DcojRduh7Dmu7DhjhOVLrAOPRvGkSUoFV4zgDUJ0LbCa0h2y69iaOaEdlrFHC6QqhIKfxhL4A==",
      "engines": {
        "node": ">=8.0.0"
      }
    }
  }
}
